{
  "name": "vibe-vampsuv",
  "version": "0.1.0",
  "lockfileVersion": 3,
  "requires": true,
  "packages": {
    "": {
      "name": "vibe-vampsuv",
      "version": "0.1.0",
      "private": true,
      "type": "module",
      "dependencies": {
        "phaser": "^3.70.0"
      },
      "devDependencies": {
        "@types/node": "^22.7.4",
        "typescript": "^5.4.5",
        "vite": "^5.4.6"
      }
    }
  },
  "dependencies": {
    "@types/node": {
      "version": "22.7.4",
      "resolved": "https://registry.npmjs.org/@types/node/-/node-22.7.4.tgz",
      "integrity": "",
      "dev": true
    },
    "phaser": {
      "version": "3.70.0",
      "resolved": "https://registry.npmjs.org/phaser/-/phaser-3.70.0.tgz",
      "integrity": ""
    },
    "typescript": {
      "version": "5.4.5",
      "resolved": "https://registry.npmjs.org/typescript/-/typescript-5.4.5.tgz",
      "integrity": "",
      "dev": true
    },
    "vite": {
      "version": "5.4.6",
      "resolved": "https://registry.npmjs.org/vite/-/vite-5.4.6.tgz",
      "integrity": "",
      "dev": true
    }
  }
}
